
Microsoft Visual Studio Solution File, Format Version 12.00
# Visual Studio Version 17
VisualStudioVersion = 17.13.35828.75 d17.13
MinimumVisualStudioVersion = 10.0.40219.1
Project("{FAE04EC0-301F-11D3-BF4B-00C04F79EFBC}") = "26oaip", "26oaip.csproj", "{94EE6F19-7C92-4CFB-8C92-A811816F993D}"
EndProject
Global
	GlobalSection(SolutionConfigurationPlatforms) = preSolution
		Debug|Any CPU = Debug|Any CPU
		Release|Any CPU = Release|Any CPU
	EndGlobalSection
	GlobalSection(ProjectConfigurationPlatforms) = postSolution
		{94EE6F19-7C92-4CFB-8C92-A811816F993D}.Debug|Any CPU.ActiveCfg = Debug|Any CPU
		{94EE6F19-7C92-4CFB-8C92-A811816F993D}.Debug|Any CPU.Build.0 = Debug|Any CPU
		{94EE6F19-7C92-4CFB-8C92-A811816F993D}.Release|Any CPU.ActiveCfg = Release|Any CPU
		{94EE6F19-7C92-4CFB-8C92-A811816F993D}.Release|Any CPU.Build.0 = Release|Any CPU
	EndGlobalSection
	GlobalSection(SolutionProperties) = preSolution
		HideSolutionNode = FALSE
	EndGlobalSection
	GlobalSection(ExtensibilityGlobals) = postSolution
		SolutionGuid = {AC04497E-573C-482E-95A2-D635B94F9814}
	EndGlobalSection
EndGlobal
